
Microsoft Visual Studio Solution File, Format Version 12.00
# Visual Studio 15
VisualStudioVersion = 15.0.28307.902
MinimumVisualStudioVersion = 10.0.40219.1
Project("{8BC9CEB8-8B4A-11D0-8D11-00A0C91BC942}") = "niuke_day_18", "niuke_day_18\niuke_day_18.vcxproj", "{1B21016A-8131-4D64-A8E2-D8844DC2A7E1}"
EndProject
Global
	GlobalSection(SolutionConfigurationPlatforms) = preSolution
		Debug|x64 = Debug|x64
		Debug|x86 = Debug|x86
		Release|x64 = Release|x64
		Release|x86 = Release|x86
	EndGlobalSection
	GlobalSection(ProjectConfigurationPlatforms) = postSolution
		{1B21016A-8131-4D64-A8E2-D8844DC2A7E1}.Debug|x64.ActiveCfg = Debug|x64
		{1B21016A-8131-4D64-A8E2-D8844DC2A7E1}.Debug|x64.Build.0 = Debug|x64
		{1B21016A-8131-4D64-A8E2-D8844DC2A7E1}.Debug|x86.ActiveCfg = Debug|Win32
		{1B21016A-8131-4D64-A8E2-D8844DC2A7E1}.Debug|x86.Build.0 = Debug|Win32
		{1B21016A-8131-4D64-A8E2-D8844DC2A7E1}.Release|x64.ActiveCfg = Release|x64
		{1B21016A-8131-4D64-A8E2-D8844DC2A7E1}.Release|x64.Build.0 = Release|x64
		{1B21016A-8131-4D64-A8E2-D8844DC2A7E1}.Release|x86.ActiveCfg = Release|Win32
		{1B21016A-8131-4D64-A8E2-D8844DC2A7E1}.Release|x86.Build.0 = Release|Win32
	EndGlobalSection
	GlobalSection(SolutionProperties) = preSolution
		HideSolutionNode = FALSE
	EndGlobalSection
	GlobalSection(ExtensibilityGlobals) = postSolution
		SolutionGuid = {1E874B77-208F-4AC4-8B81-893AF329E9B3}
	EndGlobalSection
EndGlobal
