
Microsoft Visual Studio Solution File, Format Version 12.00
# Visual Studio 15
VisualStudioVersion = 15.0.28307.902
MinimumVisualStudioVersion = 10.0.40219.1
Project("{8BC9CEB8-8B4A-11D0-8D11-00A0C91BC942}") = "binTree_5_21", "binTree_5_21\binTree_5_21.vcxproj", "{B093F789-1A20-4C4B-B6CE-C43B1428BFDA}"
EndProject
Global
	GlobalSection(SolutionConfigurationPlatforms) = preSolution
		Debug|x64 = Debug|x64
		Debug|x86 = Debug|x86
		Release|x64 = Release|x64
		Release|x86 = Release|x86
	EndGlobalSection
	GlobalSection(ProjectConfigurationPlatforms) = postSolution
		{B093F789-1A20-4C4B-B6CE-C43B1428BFDA}.Debug|x64.ActiveCfg = Debug|x64
		{B093F789-1A20-4C4B-B6CE-C43B1428BFDA}.Debug|x64.Build.0 = Debug|x64
		{B093F789-1A20-4C4B-B6CE-C43B1428BFDA}.Debug|x86.ActiveCfg = Debug|Win32
		{B093F789-1A20-4C4B-B6CE-C43B1428BFDA}.Debug|x86.Build.0 = Debug|Win32
		{B093F789-1A20-4C4B-B6CE-C43B1428BFDA}.Release|x64.ActiveCfg = Release|x64
		{B093F789-1A20-4C4B-B6CE-C43B1428BFDA}.Release|x64.Build.0 = Release|x64
		{B093F789-1A20-4C4B-B6CE-C43B1428BFDA}.Release|x86.ActiveCfg = Release|Win32
		{B093F789-1A20-4C4B-B6CE-C43B1428BFDA}.Release|x86.Build.0 = Release|Win32
	EndGlobalSection
	GlobalSection(SolutionProperties) = preSolution
		HideSolutionNode = FALSE
	EndGlobalSection
	GlobalSection(ExtensibilityGlobals) = postSolution
		SolutionGuid = {D536B02D-8C8F-4139-AB54-DD6118B335CC}
	EndGlobalSection
EndGlobal
