
Microsoft Visual Studio Solution File, Format Version 12.00
# Visual Studio 15
VisualStudioVersion = 15.0.28307.902
MinimumVisualStudioVersion = 10.0.40219.1
Project("{8BC9CEB8-8B4A-11D0-8D11-00A0C91BC942}") = "day_3_cpp_review", "day_3_cpp_review\day_3_cpp_review.vcxproj", "{5AD017BC-AFC4-4578-8915-C6BE116D0290}"
EndProject
Global
	GlobalSection(SolutionConfigurationPlatforms) = preSolution
		Debug|x64 = Debug|x64
		Debug|x86 = Debug|x86
		Release|x64 = Release|x64
		Release|x86 = Release|x86
	EndGlobalSection
	GlobalSection(ProjectConfigurationPlatforms) = postSolution
		{5AD017BC-AFC4-4578-8915-C6BE116D0290}.Debug|x64.ActiveCfg = Debug|x64
		{5AD017BC-AFC4-4578-8915-C6BE116D0290}.Debug|x64.Build.0 = Debug|x64
		{5AD017BC-AFC4-4578-8915-C6BE116D0290}.Debug|x86.ActiveCfg = Debug|Win32
		{5AD017BC-AFC4-4578-8915-C6BE116D0290}.Debug|x86.Build.0 = Debug|Win32
		{5AD017BC-AFC4-4578-8915-C6BE116D0290}.Release|x64.ActiveCfg = Release|x64
		{5AD017BC-AFC4-4578-8915-C6BE116D0290}.Release|x64.Build.0 = Release|x64
		{5AD017BC-AFC4-4578-8915-C6BE116D0290}.Release|x86.ActiveCfg = Release|Win32
		{5AD017BC-AFC4-4578-8915-C6BE116D0290}.Release|x86.Build.0 = Release|Win32
	EndGlobalSection
	GlobalSection(SolutionProperties) = preSolution
		HideSolutionNode = FALSE
	EndGlobalSection
	GlobalSection(ExtensibilityGlobals) = postSolution
		SolutionGuid = {5EC55098-8DEA-41DD-85C3-9B63715D6FB8}
	EndGlobalSection
EndGlobal
