
Microsoft Visual Studio Solution File, Format Version 12.00
# Visual Studio 15
VisualStudioVersion = 15.0.28307.902
MinimumVisualStudioVersion = 10.0.40219.1
Project("{8BC9CEB8-8B4A-11D0-8D11-00A0C91BC942}") = "项目", "项目\项目.vcxproj", "{496882A2-BA0B-46EA-B418-370010D8E7F9}"
EndProject
Global
	GlobalSection(SolutionConfigurationPlatforms) = preSolution
		Debug|x64 = Debug|x64
		Debug|x86 = Debug|x86
		Release|x64 = Release|x64
		Release|x86 = Release|x86
	EndGlobalSection
	GlobalSection(ProjectConfigurationPlatforms) = postSolution
		{496882A2-BA0B-46EA-B418-370010D8E7F9}.Debug|x64.ActiveCfg = Debug|x64
		{496882A2-BA0B-46EA-B418-370010D8E7F9}.Debug|x64.Build.0 = Debug|x64
		{496882A2-BA0B-46EA-B418-370010D8E7F9}.Debug|x86.ActiveCfg = Debug|Win32
		{496882A2-BA0B-46EA-B418-370010D8E7F9}.Debug|x86.Build.0 = Debug|Win32
		{496882A2-BA0B-46EA-B418-370010D8E7F9}.Release|x64.ActiveCfg = Release|x64
		{496882A2-BA0B-46EA-B418-370010D8E7F9}.Release|x64.Build.0 = Release|x64
		{496882A2-BA0B-46EA-B418-370010D8E7F9}.Release|x86.ActiveCfg = Release|Win32
		{496882A2-BA0B-46EA-B418-370010D8E7F9}.Release|x86.Build.0 = Release|Win32
	EndGlobalSection
	GlobalSection(SolutionProperties) = preSolution
		HideSolutionNode = FALSE
	EndGlobalSection
	GlobalSection(ExtensibilityGlobals) = postSolution
		SolutionGuid = {5F6C644D-BC1C-4083-A45F-4BBF2596D946}
	EndGlobalSection
EndGlobal
