
Microsoft Visual Studio Solution File, Format Version 12.00
# Visual Studio 15
VisualStudioVersion = 15.0.28307.902
MinimumVisualStudioVersion = 10.0.40219.1
Project("{8BC9CEB8-8B4A-11D0-8D11-00A0C91BC942}") = "Huffman_Tree", "Huffman_Tree\Huffman_Tree.vcxproj", "{3EC5C10E-F990-42A7-9FE0-80681E487F68}"
EndProject
Global
	GlobalSection(SolutionConfigurationPlatforms) = preSolution
		Debug|x64 = Debug|x64
		Debug|x86 = Debug|x86
		Release|x64 = Release|x64
		Release|x86 = Release|x86
	EndGlobalSection
	GlobalSection(ProjectConfigurationPlatforms) = postSolution
		{3EC5C10E-F990-42A7-9FE0-80681E487F68}.Debug|x64.ActiveCfg = Debug|x64
		{3EC5C10E-F990-42A7-9FE0-80681E487F68}.Debug|x64.Build.0 = Debug|x64
		{3EC5C10E-F990-42A7-9FE0-80681E487F68}.Debug|x86.ActiveCfg = Debug|Win32
		{3EC5C10E-F990-42A7-9FE0-80681E487F68}.Debug|x86.Build.0 = Debug|Win32
		{3EC5C10E-F990-42A7-9FE0-80681E487F68}.Release|x64.ActiveCfg = Release|x64
		{3EC5C10E-F990-42A7-9FE0-80681E487F68}.Release|x64.Build.0 = Release|x64
		{3EC5C10E-F990-42A7-9FE0-80681E487F68}.Release|x86.ActiveCfg = Release|Win32
		{3EC5C10E-F990-42A7-9FE0-80681E487F68}.Release|x86.Build.0 = Release|Win32
	EndGlobalSection
	GlobalSection(SolutionProperties) = preSolution
		HideSolutionNode = FALSE
	EndGlobalSection
	GlobalSection(ExtensibilityGlobals) = postSolution
		SolutionGuid = {14ABD85F-B73A-4C2E-B264-A7C988FE8A32}
	EndGlobalSection
EndGlobal
