
Microsoft Visual Studio Solution File, Format Version 12.00
# Visual Studio 15
VisualStudioVersion = 15.0.28307.902
MinimumVisualStudioVersion = 10.0.40219.1
Project("{8BC9CEB8-8B4A-11D0-8D11-00A0C91BC942}") = "niuke_day_26", "niuke_day_26\niuke_day_26.vcxproj", "{260355C4-5FFF-4059-8D88-053B1D3B5A67}"
EndProject
Global
	GlobalSection(SolutionConfigurationPlatforms) = preSolution
		Debug|x64 = Debug|x64
		Debug|x86 = Debug|x86
		Release|x64 = Release|x64
		Release|x86 = Release|x86
	EndGlobalSection
	GlobalSection(ProjectConfigurationPlatforms) = postSolution
		{260355C4-5FFF-4059-8D88-053B1D3B5A67}.Debug|x64.ActiveCfg = Debug|x64
		{260355C4-5FFF-4059-8D88-053B1D3B5A67}.Debug|x64.Build.0 = Debug|x64
		{260355C4-5FFF-4059-8D88-053B1D3B5A67}.Debug|x86.ActiveCfg = Debug|Win32
		{260355C4-5FFF-4059-8D88-053B1D3B5A67}.Debug|x86.Build.0 = Debug|Win32
		{260355C4-5FFF-4059-8D88-053B1D3B5A67}.Release|x64.ActiveCfg = Release|x64
		{260355C4-5FFF-4059-8D88-053B1D3B5A67}.Release|x64.Build.0 = Release|x64
		{260355C4-5FFF-4059-8D88-053B1D3B5A67}.Release|x86.ActiveCfg = Release|Win32
		{260355C4-5FFF-4059-8D88-053B1D3B5A67}.Release|x86.Build.0 = Release|Win32
	EndGlobalSection
	GlobalSection(SolutionProperties) = preSolution
		HideSolutionNode = FALSE
	EndGlobalSection
	GlobalSection(ExtensibilityGlobals) = postSolution
		SolutionGuid = {1898F521-636C-4C57-A6B1-70F242FCE9C6}
	EndGlobalSection
EndGlobal
