
Microsoft Visual Studio Solution File, Format Version 12.00
# Visual Studio 15
VisualStudioVersion = 15.0.28307.902
MinimumVisualStudioVersion = 10.0.40219.1
Project("{8BC9CEB8-8B4A-11D0-8D11-00A0C91BC942}") = "music_player", "music_player\music_player.vcxproj", "{189594BC-172F-4603-B261-5DCBDB51B608}"
EndProject
Global
	GlobalSection(SolutionConfigurationPlatforms) = preSolution
		Debug|x64 = Debug|x64
		Debug|x86 = Debug|x86
		Release|x64 = Release|x64
		Release|x86 = Release|x86
	EndGlobalSection
	GlobalSection(ProjectConfigurationPlatforms) = postSolution
		{189594BC-172F-4603-B261-5DCBDB51B608}.Debug|x64.ActiveCfg = Debug|x64
		{189594BC-172F-4603-B261-5DCBDB51B608}.Debug|x64.Build.0 = Debug|x64
		{189594BC-172F-4603-B261-5DCBDB51B608}.Debug|x86.ActiveCfg = Debug|Win32
		{189594BC-172F-4603-B261-5DCBDB51B608}.Debug|x86.Build.0 = Debug|Win32
		{189594BC-172F-4603-B261-5DCBDB51B608}.Release|x64.ActiveCfg = Release|x64
		{189594BC-172F-4603-B261-5DCBDB51B608}.Release|x64.Build.0 = Release|x64
		{189594BC-172F-4603-B261-5DCBDB51B608}.Release|x86.ActiveCfg = Release|Win32
		{189594BC-172F-4603-B261-5DCBDB51B608}.Release|x86.Build.0 = Release|Win32
	EndGlobalSection
	GlobalSection(SolutionProperties) = preSolution
		HideSolutionNode = FALSE
	EndGlobalSection
	GlobalSection(ExtensibilityGlobals) = postSolution
		SolutionGuid = {F73A66AC-9F2D-440B-80A9-A6E5709C0C44}
	EndGlobalSection
EndGlobal
